// !$*UTF8*$!
{
	archiveVersion = 1;
	classes = {
	};
	objectVersion = 56;
	objects = {

/* Begin PBXBuildFile section */
		94DC86952C28578800919685 /* LabelsTutorialViewController.swift in Sources */ = {isa = PBXBuildFile; fileRef = 94DC86942C28578800919685 /* LabelsTutorialViewController.swift */; };
		94DC86982C285A8300919685 /* ButtonTutorialViewController.swift in Sources */ = {isa = PBXBuildFile; fileRef = 94DC86972C285A8300919685 /* ButtonTutorialViewController.swift */; };
		94DC869B2C285E6000919685 /* ImagesTutorialViewController.swift in Sources */ = {isa = PBXBuildFile; fileRef = 94DC869A2C285E6000919685 /* ImagesTutorialViewController.swift */; };
		94DC869E2C285F9E00919685 /* ShapesTutorialViewController.swift in Sources */ = {isa = PBXBuildFile; fileRef = 94DC869D2C285F9E00919685 /* ShapesTutorialViewController.swift */; };
		94DC86A12C29452D00919685 /* StacksTutorialViewController.swift in Sources */ = {isa = PBXBuildFile; fileRef = 94DC86A02C29452D00919685 /* StacksTutorialViewController.swift */; };
		94DC86A42C29485700919685 /* TextFieldTutorialViewController.swift in Sources */ = {isa = PBXBuildFile; fileRef = 94DC86A32C29485700919685 /* TextFieldTutorialViewController.swift */; };
		94DC86A72C2B024400919685 /* ScrollViewTutorialViewController.swift in Sources */ = {isa = PBXBuildFile; fileRef = 94DC86A62C2B024400919685 /* ScrollViewTutorialViewController.swift */; };
		94DC86AA2C2B084600919685 /* DelegateDesignTutorialViewController.swift in Sources */ = {isa = PBXBuildFile; fileRef = 94DC86A92C2B084600919685 /* DelegateDesignTutorialViewController.swift */; };
		94DC86AC2C2B08CE00919685 /* ActionButtonView.swift in Sources */ = {isa = PBXBuildFile; fileRef = 94DC86AB2C2B08CE00919685 /* ActionButtonView.swift */; };
		94E7A5462C28363300B95018 /* AppDelegate.swift in Sources */ = {isa = PBXBuildFile; fileRef = 94E7A5452C28363300B95018 /* AppDelegate.swift */; };
		94E7A5482C28363300B95018 /* SceneDelegate.swift in Sources */ = {isa = PBXBuildFile; fileRef = 94E7A5472C28363300B95018 /* SceneDelegate.swift */; };
		94E7A54A2C28363300B95018 /* ViewController.swift in Sources */ = {isa = PBXBuildFile; fileRef = 94E7A5492C28363300B95018 /* ViewController.swift */; };
		94E7A54D2C28363300B95018 /* Main.storyboard in Resources */ = {isa = PBXBuildFile; fileRef = 94E7A54B2C28363300B95018 /* Main.storyboard */; };
		94E7A54F2C28363800B95018 /* Assets.xcassets in Resources */ = {isa = PBXBuildFile; fileRef = 94E7A54E2C28363800B95018 /* Assets.xcassets */; };
		94E7A5522C28363800B95018 /* LaunchScreen.storyboard in Resources */ = {isa = PBXBuildFile; fileRef = 94E7A5502C28363800B95018 /* LaunchScreen.storyboard */; };
		94FEE5B22C2C122A00E32A00 /* TableTutorialViewController.swift in Sources */ = {isa = PBXBuildFile; fileRef = 94FEE5B12C2C122A00E32A00 /* TableTutorialViewController.swift */; };
		94FEE5B52C2C377700E32A00 /* CollectionTutorialViewController.swift in Sources */ = {isa = PBXBuildFile; fileRef = 94FEE5B42C2C377700E32A00 /* CollectionTutorialViewController.swift */; };
		94FEE5B82C2C3BCA00E32A00 /* NavigationTutorialViewController.swift in Sources */ = {isa = PBXBuildFile; fileRef = 94FEE5B72C2C3BCA00E32A00 /* NavigationTutorialViewController.swift */; };
		94FEE5BB2C2C3EDC00E32A00 /* LifecycleTutorialViewController.swift in Sources */ = {isa = PBXBuildFile; fileRef = 94FEE5BA2C2C3EDC00E32A00 /* LifecycleTutorialViewController.swift */; };
		94FEE5C42C2C417F00E32A00 /* CoinPricesViewController.swift in Sources */ = {isa = PBXBuildFile; fileRef = 94FEE5C32C2C417F00E32A00 /* CoinPricesViewController.swift */; };
		94FEE5C62C2C42DC00E32A00 /* CoinTableViewCell.swift in Sources */ = {isa = PBXBuildFile; fileRef = 94FEE5C52C2C42DC00E32A00 /* CoinTableViewCell.swift */; };
		94FEE5C82C3269BB00E32A00 /* Coin.swift in Sources */ = {isa = PBXBuildFile; fileRef = 94FEE5C72C3269BB00E32A00 /* Coin.swift */; };
		94FEE5CA2C326A8200E32A00 /* MockData.swift in Sources */ = {isa = PBXBuildFile; fileRef = 94FEE5C92C326A8200E32A00 /* MockData.swift */; };
		94FEE5CC2C327C8E00E32A00 /* MockCoinDataService.swift in Sources */ = {isa = PBXBuildFile; fileRef = 94FEE5CB2C327C8E00E32A00 /* MockCoinDataService.swift */; };
		94FEE5CF2C32C0EC00E32A00 /* Kingfisher in Frameworks */ = {isa = PBXBuildFile; productRef = 94FEE5CE2C32C0EC00E32A00 /* Kingfisher */; };
		94FEE5D12C32C4BD00E32A00 /* CoinDetailsViewController.swift in Sources */ = {isa = PBXBuildFile; fileRef = 94FEE5D02C32C4BD00E32A00 /* CoinDetailsViewController.swift */; };
/* End PBXBuildFile section */

/* Begin PBXFileReference section */
		94DC86942C28578800919685 /* LabelsTutorialViewController.swift */ = {isa = PBXFileReference; lastKnownFileType = sourcecode.swift; path = LabelsTutorialViewController.swift; sourceTree = "<group>"; };
		94DC86972C285A8300919685 /* ButtonTutorialViewController.swift */ = {isa = PBXFileReference; lastKnownFileType = sourcecode.swift; path = ButtonTutorialViewController.swift; sourceTree = "<group>"; };
		94DC869A2C285E6000919685 /* ImagesTutorialViewController.swift */ = {isa = PBXFileReference; lastKnownFileType = sourcecode.swift; path = ImagesTutorialViewController.swift; sourceTree = "<group>"; };
		94DC869D2C285F9E00919685 /* ShapesTutorialViewController.swift */ = {isa = PBXFileReference; lastKnownFileType = sourcecode.swift; path = ShapesTutorialViewController.swift; sourceTree = "<group>"; };
		94DC86A02C29452D00919685 /* StacksTutorialViewController.swift */ = {isa = PBXFileReference; lastKnownFileType = sourcecode.swift; path = StacksTutorialViewController.swift; sourceTree = "<group>"; };
		94DC86A32C29485700919685 /* TextFieldTutorialViewController.swift */ = {isa = PBXFileReference; lastKnownFileType = sourcecode.swift; path = TextFieldTutorialViewController.swift; sourceTree = "<group>"; };
		94DC86A62C2B024400919685 /* ScrollViewTutorialViewController.swift */ = {isa = PBXFileReference; lastKnownFileType = sourcecode.swift; path = ScrollViewTutorialViewController.swift; sourceTree = "<group>"; };
		94DC86A92C2B084600919685 /* DelegateDesignTutorialViewController.swift */ = {isa = PBXFileReference; lastKnownFileType = sourcecode.swift; path = DelegateDesignTutorialViewController.swift; sourceTree = "<group>"; };
		94DC86AB2C2B08CE00919685 /* ActionButtonView.swift */ = {isa = PBXFileReference; lastKnownFileType = sourcecode.swift; path = ActionButtonView.swift; sourceTree = "<group>"; };
		94E7A5422C28363300B95018 /* UIKitTutorial.app */ = {isa = PBXFileReference; explicitFileType = wrapper.application; includeInIndex = 0; path = UIKitTutorial.app; sourceTree = BUILT_PRODUCTS_DIR; };
		94E7A5452C28363300B95018 /* AppDelegate.swift */ = {isa = PBXFileReference; lastKnownFileType = sourcecode.swift; path = AppDelegate.swift; sourceTree = "<group>"; };
		94E7A5472C28363300B95018 /* SceneDelegate.swift */ = {isa = PBXFileReference; lastKnownFileType = sourcecode.swift; path = SceneDelegate.swift; sourceTree = "<group>"; };
		94E7A5492C28363300B95018 /* ViewController.swift */ = {isa = PBXFileReference; lastKnownFileType = sourcecode.swift; path = ViewController.swift; sourceTree = "<group>"; };
		94E7A54C2C28363300B95018 /* Base */ = {isa = PBXFileReference; lastKnownFileType = file.storyboard; name = Base; path = Base.lproj/Main.storyboard; sourceTree = "<group>"; };
		94E7A54E2C28363800B95018 /* Assets.xcassets */ = {isa = PBXFileReference; lastKnownFileType = folder.assetcatalog; path = Assets.xcassets; sourceTree = "<group>"; };
		94E7A5512C28363800B95018 /* Base */ = {isa = PBXFileReference; lastKnownFileType = file.storyboard; name = Base; path = Base.lproj/LaunchScreen.storyboard; sourceTree = "<group>"; };
		94E7A5532C28363800B95018 /* Info.plist */ = {isa = PBXFileReference; lastKnownFileType = text.plist.xml; path = Info.plist; sourceTree = "<group>"; };
		94FEE5B12C2C122A00E32A00 /* TableTutorialViewController.swift */ = {isa = PBXFileReference; lastKnownFileType = sourcecode.swift; path = TableTutorialViewController.swift; sourceTree = "<group>"; };
		94FEE5B42C2C377700E32A00 /* CollectionTutorialViewController.swift */ = {isa = PBXFileReference; lastKnownFileType = sourcecode.swift; path = CollectionTutorialViewController.swift; sourceTree = "<group>"; };
		94FEE5B72C2C3BCA00E32A00 /* NavigationTutorialViewController.swift */ = {isa = PBXFileReference; lastKnownFileType = sourcecode.swift; path = NavigationTutorialViewController.swift; sourceTree = "<group>"; };
		94FEE5BA2C2C3EDC00E32A00 /* LifecycleTutorialViewController.swift */ = {isa = PBXFileReference; lastKnownFileType = sourcecode.swift; path = LifecycleTutorialViewController.swift; sourceTree = "<group>"; };
		94FEE5C32C2C417F00E32A00 /* CoinPricesViewController.swift */ = {isa = PBXFileReference; lastKnownFileType = sourcecode.swift; path = CoinPricesViewController.swift; sourceTree = "<group>"; };
		94FEE5C52C2C42DC00E32A00 /* CoinTableViewCell.swift */ = {isa = PBXFileReference; lastKnownFileType = sourcecode.swift; path = CoinTableViewCell.swift; sourceTree = "<group>"; };
		94FEE5C72C3269BB00E32A00 /* Coin.swift */ = {isa = PBXFileReference; lastKnownFileType = sourcecode.swift; path = Coin.swift; sourceTree = "<group>"; };
		94FEE5C92C326A8200E32A00 /* MockData.swift */ = {isa = PBXFileReference; lastKnownFileType = sourcecode.swift; path = MockData.swift; sourceTree = "<group>"; };
		94FEE5CB2C327C8E00E32A00 /* MockCoinDataService.swift */ = {isa = PBXFileReference; lastKnownFileType = sourcecode.swift; path = MockCoinDataService.swift; sourceTree = "<group>"; };
		94FEE5D02C32C4BD00E32A00 /* CoinDetailsViewController.swift */ = {isa = PBXFileReference; lastKnownFileType = sourcecode.swift; path = CoinDetailsViewController.swift; sourceTree = "<group>"; };
/* End PBXFileReference section */

/* Begin PBXFrameworksBuildPhase section */
		94E7A53F2C28363300B95018 /* Frameworks */ = {
			isa = PBXFrameworksBuildPhase;
			buildActionMask = 2147483647;
			files = (
				94FEE5CF2C32C0EC00E32A00 /* Kingfisher in Frameworks */,
			);
			runOnlyForDeploymentPostprocessing = 0;
		};
/* End PBXFrameworksBuildPhase section */

/* Begin PBXGroup section */
		94DC86932C28573600919685 /* Label */ = {
			isa = PBXGroup;
			children = (
				94DC86942C28578800919685 /* LabelsTutorialViewController.swift */,
			);
			path = Label;
			sourceTree = "<group>";
		};
		94DC86962C285A7500919685 /* Buttons */ = {
			isa = PBXGroup;
			children = (
				94DC86972C285A8300919685 /* ButtonTutorialViewController.swift */,
			);
			path = Buttons;
			sourceTree = "<group>";
		};
		94DC86992C285E4C00919685 /* Images */ = {
			isa = PBXGroup;
			children = (
				94DC869A2C285E6000919685 /* ImagesTutorialViewController.swift */,
			);
			path = Images;
			sourceTree = "<group>";
		};
		94DC869C2C285F8D00919685 /* Shapes */ = {
			isa = PBXGroup;
			children = (
				94DC869D2C285F9E00919685 /* ShapesTutorialViewController.swift */,
			);
			path = Shapes;
			sourceTree = "<group>";
		};
		94DC869F2C29451200919685 /* Stacks */ = {
			isa = PBXGroup;
			children = (
				94DC86A02C29452D00919685 /* StacksTutorialViewController.swift */,
			);
			path = Stacks;
			sourceTree = "<group>";
		};
		94DC86A22C29483500919685 /* TextFields */ = {
			isa = PBXGroup;
			children = (
				94DC86A32C29485700919685 /* TextFieldTutorialViewController.swift */,
			);
			path = TextFields;
			sourceTree = "<group>";
		};
		94DC86A52C2B023300919685 /* ScrollView */ = {
			isa = PBXGroup;
			children = (
				94DC86A62C2B024400919685 /* ScrollViewTutorialViewController.swift */,
			);
			path = ScrollView;
			sourceTree = "<group>";
		};
		94DC86A82C2B082700919685 /* DelegateDesign */ = {
			isa = PBXGroup;
			children = (
				94DC86A92C2B084600919685 /* DelegateDesignTutorialViewController.swift */,
				94DC86AB2C2B08CE00919685 /* ActionButtonView.swift */,
			);
			path = DelegateDesign;
			sourceTree = "<group>";
		};
		94E7A5392C28363300B95018 = {
			isa = PBXGroup;
			children = (
				94E7A5442C28363300B95018 /* UIKitTutorial */,
				94E7A5432C28363300B95018 /* Products */,
			);
			sourceTree = "<group>";
		};
		94E7A5432C28363300B95018 /* Products */ = {
			isa = PBXGroup;
			children = (
				94E7A5422C28363300B95018 /* UIKitTutorial.app */,
			);
			name = Products;
			sourceTree = "<group>";
		};
		94E7A5442C28363300B95018 /* UIKitTutorial */ = {
			isa = PBXGroup;
			children = (
				94E7A5592C28364600B95018 /* App */,
				94E7A55A2C28365100B95018 /* Basics */,
				94E7A55B2C28365900B95018 /* Crypto */,
				94E7A55E2C28367200B95018 /* Extensions */,
				94E7A55C2C28366700B95018 /* Resources */,
				94E7A55D2C28366C00B95018 /* Storyboards */,
			);
			path = UIKitTutorial;
			sourceTree = "<group>";
		};
		94E7A5592C28364600B95018 /* App */ = {
			isa = PBXGroup;
			children = (
				94E7A5452C28363300B95018 /* AppDelegate.swift */,
				94E7A5472C28363300B95018 /* SceneDelegate.swift */,
			);
			path = App;
			sourceTree = "<group>";
		};
		94E7A55A2C28365100B95018 /* Basics */ = {
			isa = PBXGroup;
			children = (
				94E7A5492C28363300B95018 /* ViewController.swift */,
				94DC869C2C285F8D00919685 /* Shapes */,
				94DC86992C285E4C00919685 /* Images */,
				94DC86962C285A7500919685 /* Buttons */,
				94DC869F2C29451200919685 /* Stacks */,
				94DC86A52C2B023300919685 /* ScrollView */,
				94DC86A22C29483500919685 /* TextFields */,
				94DC86932C28573600919685 /* Label */,
				94DC86A82C2B082700919685 /* DelegateDesign */,
				94FEE5B02C2C120400E32A00 /* TableViews */,
				94FEE5B32C2C374900E32A00 /* CollectionViews */,
				94FEE5B62C2C3BA800E32A00 /* Navigation */,
				94FEE5B92C2C3ECB00E32A00 /* Lifecycle */,
			);
			path = Basics;
			sourceTree = "<group>";
		};
		94E7A55B2C28365900B95018 /* Crypto */ = {
			isa = PBXGroup;
			children = (
				94FEE5C22C2C414000E32A00 /* Constants */,
				94FEE5C12C2C413F00E32A00 /* MockData */,
				94FEE5C02C2C413E00E32A00 /* Model */,
				94FEE5BF2C2C413D00E32A00 /* Networking */,
				94FEE5BE2C2C413C00E32A00 /* Service */,
				94FEE5BD2C2C413B00E32A00 /* ViewControllers */,
				94FEE5BC2C2C413900E32A00 /* Views */,
			);
			path = Crypto;
			sourceTree = "<group>";
		};
		94E7A55C2C28366700B95018 /* Resources */ = {
			isa = PBXGroup;
			children = (
				94E7A54E2C28363800B95018 /* Assets.xcassets */,
				94E7A5532C28363800B95018 /* Info.plist */,
			);
			path = Resources;
			sourceTree = "<group>";
		};
		94E7A55D2C28366C00B95018 /* Storyboards */ = {
			isa = PBXGroup;
			children = (
				94E7A5502C28363800B95018 /* LaunchScreen.storyboard */,
				94E7A54B2C28363300B95018 /* Main.storyboard */,
			);
			path = Storyboards;
			sourceTree = "<group>";
		};
		94E7A55E2C28367200B95018 /* Extensions */ = {
			isa = PBXGroup;
			children = (
			);
			path = Extensions;
			sourceTree = "<group>";
		};
		94FEE5B02C2C120400E32A00 /* TableViews */ = {
			isa = PBXGroup;
			children = (
				94FEE5B12C2C122A00E32A00 /* TableTutorialViewController.swift */,
			);
			path = TableViews;
			sourceTree = "<group>";
		};
		94FEE5B32C2C374900E32A00 /* CollectionViews */ = {
			isa = PBXGroup;
			children = (
				94FEE5B42C2C377700E32A00 /* CollectionTutorialViewController.swift */,
			);
			path = CollectionViews;
			sourceTree = "<group>";
		};
		94FEE5B62C2C3BA800E32A00 /* Navigation */ = {
			isa = PBXGroup;
			children = (
				94FEE5B72C2C3BCA00E32A00 /* NavigationTutorialViewController.swift */,
			);
			path = Navigation;
			sourceTree = "<group>";
		};
		94FEE5B92C2C3ECB00E32A00 /* Lifecycle */ = {
			isa = PBXGroup;
			children = (
				94FEE5BA2C2C3EDC00E32A00 /* LifecycleTutorialViewController.swift */,
			);
			path = Lifecycle;
			sourceTree = "<group>";
		};
		94FEE5BC2C2C413900E32A00 /* Views */ = {
			isa = PBXGroup;
			children = (
				94FEE5C52C2C42DC00E32A00 /* CoinTableViewCell.swift */,
			);
			path = Views;
			sourceTree = "<group>";
		};
		94FEE5BD2C2C413B00E32A00 /* ViewControllers */ = {
			isa = PBXGroup;
			children = (
				94FEE5C32C2C417F00E32A00 /* CoinPricesViewController.swift */,
				94FEE5D02C32C4BD00E32A00 /* CoinDetailsViewController.swift */,
			);
			path = ViewControllers;
			sourceTree = "<group>";
		};
		94FEE5BE2C2C413C00E32A00 /* Service */ = {
			isa = PBXGroup;
			children = (
				94FEE5CB2C327C8E00E32A00 /* MockCoinDataService.swift */,
			);
			path = Service;
			sourceTree = "<group>";
		};
		94FEE5BF2C2C413D00E32A00 /* Networking */ = {
			isa = PBXGroup;
			children = (
			);
			path = Networking;
			sourceTree = "<group>";
		};
		94FEE5C02C2C413E00E32A00 /* Model */ = {
			isa = PBXGroup;
			children = (
				94FEE5C72C3269BB00E32A00 /* Coin.swift */,
			);
			path = Model;
			sourceTree = "<group>";
		};
		94FEE5C12C2C413F00E32A00 /* MockData */ = {
			isa = PBXGroup;
			children = (
				94FEE5C92C326A8200E32A00 /* MockData.swift */,
			);
			path = MockData;
			sourceTree = "<group>";
		};
		94FEE5C22C2C414000E32A00 /* Constants */ = {
			isa = PBXGroup;
			children = (
			);
			path = Constants;
			sourceTree = "<group>";
		};
/* End PBXGroup section */

/* Begin PBXNativeTarget section */
		94E7A5412C28363300B95018 /* UIKitTutorial */ = {
			isa = PBXNativeTarget;
			buildConfigurationList = 94E7A5562C28363800B95018 /* Build configuration list for PBXNativeTarget "UIKitTutorial" */;
			buildPhases = (
				94E7A53E2C28363300B95018 /* Sources */,
				94E7A53F2C28363300B95018 /* Frameworks */,
				94E7A5402C28363300B95018 /* Resources */,
			);
			buildRules = (
			);
			dependencies = (
			);
			name = UIKitTutorial;
			packageProductDependencies = (
				94FEE5CE2C32C0EC00E32A00 /* Kingfisher */,
			);
			productName = UIKitTutorial;
			productReference = 94E7A5422C28363300B95018 /* UIKitTutorial.app */;
			productType = "com.apple.product-type.application";
		};
/* End PBXNativeTarget section */

/* Begin PBXProject section */
		94E7A53A2C28363300B95018 /* Project object */ = {
			isa = PBXProject;
			attributes = {
				BuildIndependentTargetsInParallel = 1;
				LastSwiftUpdateCheck = 1500;
				LastUpgradeCheck = 1500;
				TargetAttributes = {
					94E7A5412C28363300B95018 = {
						CreatedOnToolsVersion = 15.0.1;
					};
				};
			};
			buildConfigurationList = 94E7A53D2C28363300B95018 /* Build configuration list for PBXProject "UIKitTutorial" */;
			compatibilityVersion = "Xcode 14.0";
			developmentRegion = en;
			hasScannedForEncodings = 0;
			knownRegions = (
				en,
				Base,
			);
			mainGroup = 94E7A5392C28363300B95018;
			packageReferences = (
				94FEE5CD2C32C0EC00E32A00 /* XCRemoteSwiftPackageReference "Kingfisher" */,
			);
			productRefGroup = 94E7A5432C28363300B95018 /* Products */;
			projectDirPath = "";
			projectRoot = "";
			targets = (
				94E7A5412C28363300B95018 /* UIKitTutorial */,
			);
		};
/* End PBXProject section */

/* Begin PBXResourcesBuildPhase section */
		94E7A5402C28363300B95018 /* Resources */ = {
			isa = PBXResourcesBuildPhase;
			buildActionMask = 2147483647;
			files = (
				94E7A5522C28363800B95018 /* LaunchScreen.storyboard in Resources */,
				94E7A54F2C28363800B95018 /* Assets.xcassets in Resources */,
				94E7A54D2C28363300B95018 /* Main.storyboard in Resources */,
			);
			runOnlyForDeploymentPostprocessing = 0;
		};
/* End PBXResourcesBuildPhase section */

/* Begin PBXSourcesBuildPhase section */
		94E7A53E2C28363300B95018 /* Sources */ = {
			isa = PBXSourcesBuildPhase;
			buildActionMask = 2147483647;
			files = (
				94DC869B2C285E6000919685 /* ImagesTutorialViewController.swift in Sources */,
				94FEE5CC2C327C8E00E32A00 /* MockCoinDataService.swift in Sources */,
				94DC86982C285A8300919685 /* ButtonTutorialViewController.swift in Sources */,
				94DC86A42C29485700919685 /* TextFieldTutorialViewController.swift in Sources */,
				94FEE5D12C32C4BD00E32A00 /* CoinDetailsViewController.swift in Sources */,
				94FEE5BB2C2C3EDC00E32A00 /* LifecycleTutorialViewController.swift in Sources */,
				94FEE5C82C3269BB00E32A00 /* Coin.swift in Sources */,
				94E7A54A2C28363300B95018 /* ViewController.swift in Sources */,
				94FEE5B52C2C377700E32A00 /* CollectionTutorialViewController.swift in Sources */,
				94FEE5C62C2C42DC00E32A00 /* CoinTableViewCell.swift in Sources */,
				94E7A5462C28363300B95018 /* AppDelegate.swift in Sources */,
				94FEE5CA2C326A8200E32A00 /* MockData.swift in Sources */,
				94E7A5482C28363300B95018 /* SceneDelegate.swift in Sources */,
				94DC86AC2C2B08CE00919685 /* ActionButtonView.swift in Sources */,
				94DC86A72C2B024400919685 /* ScrollViewTutorialViewController.swift in Sources */,
				94FEE5B22C2C122A00E32A00 /* TableTutorialViewController.swift in Sources */,
				94DC86AA2C2B084600919685 /* DelegateDesignTutorialViewController.swift in Sources */,
				94FEE5B82C2C3BCA00E32A00 /* NavigationTutorialViewController.swift in Sources */,
				94FEE5C42C2C417F00E32A00 /* CoinPricesViewController.swift in Sources */,
				94DC86A12C29452D00919685 /* StacksTutorialViewController.swift in Sources */,
				94DC86952C28578800919685 /* LabelsTutorialViewController.swift in Sources */,
				94DC869E2C285F9E00919685 /* ShapesTutorialViewController.swift in Sources */,
			);
			runOnlyForDeploymentPostprocessing = 0;
		};
/* End PBXSourcesBuildPhase section */

/* Begin PBXVariantGroup section */
		94E7A54B2C28363300B95018 /* Main.storyboard */ = {
			isa = PBXVariantGroup;
			children = (
				94E7A54C2C28363300B95018 /* Base */,
			);
			name = Main.storyboard;
			sourceTree = "<group>";
		};
		94E7A5502C28363800B95018 /* LaunchScreen.storyboard */ = {
			isa = PBXVariantGroup;
			children = (
				94E7A5512C28363800B95018 /* Base */,
			);
			name = LaunchScreen.storyboard;
			sourceTree = "<group>";
		};
/* End PBXVariantGroup section */

/* Begin XCBuildConfiguration section */
		94E7A5542C28363800B95018 /* Debug */ = {
			isa = XCBuildConfiguration;
			buildSettings = {
				ALWAYS_SEARCH_USER_PATHS = NO;
				ASSETCATALOG_COMPILER_GENERATE_SWIFT_ASSET_SYMBOL_EXTENSIONS = YES;
				CLANG_ANALYZER_NONNULL = YES;
				CLANG_ANALYZER_NUMBER_OBJECT_CONVERSION = YES_AGGRESSIVE;
				CLANG_CXX_LANGUAGE_STANDARD = "gnu++20";
				CLANG_ENABLE_MODULES = YES;
				CLANG_ENABLE_OBJC_ARC = YES;
				CLANG_ENABLE_OBJC_WEAK = YES;
				CLANG_WARN_BLOCK_CAPTURE_AUTORELEASING = YES;
				CLANG_WARN_BOOL_CONVERSION = YES;
				CLANG_WARN_COMMA = YES;
				CLANG_WARN_CONSTANT_CONVERSION = YES;
				CLANG_WARN_DEPRECATED_OBJC_IMPLEMENTATIONS = YES;
				CLANG_WARN_DIRECT_OBJC_ISA_USAGE = YES_ERROR;
				CLANG_WARN_DOCUMENTATION_COMMENTS = YES;
				CLANG_WARN_EMPTY_BODY = YES;
				CLANG_WARN_ENUM_CONVERSION = YES;
				CLANG_WARN_INFINITE_RECURSION = YES;
				CLANG_WARN_INT_CONVERSION = YES;
				CLANG_WARN_NON_LITERAL_NULL_CONVERSION = YES;
				CLANG_WARN_OBJC_IMPLICIT_RETAIN_SELF = YES;
				CLANG_WARN_OBJC_LITERAL_CONVERSION = YES;
				CLANG_WARN_OBJC_ROOT_CLASS = YES_ERROR;
				CLANG_WARN_QUOTED_INCLUDE_IN_FRAMEWORK_HEADER = YES;
				CLANG_WARN_RANGE_LOOP_ANALYSIS = YES;
				CLANG_WARN_STRICT_PROTOTYPES = YES;
				CLANG_WARN_SUSPICIOUS_MOVE = YES;
				CLANG_WARN_UNGUARDED_AVAILABILITY = YES_AGGRESSIVE;
				CLANG_WARN_UNREACHABLE_CODE = YES;
				CLANG_WARN__DUPLICATE_METHOD_MATCH = YES;
				COPY_PHASE_STRIP = NO;
				DEBUG_INFORMATION_FORMAT = dwarf;
				ENABLE_STRICT_OBJC_MSGSEND = YES;
				ENABLE_TESTABILITY = YES;
				ENABLE_USER_SCRIPT_SANDBOXING = YES;
				GCC_C_LANGUAGE_STANDARD = gnu17;
				GCC_DYNAMIC_NO_PIC = NO;
				GCC_NO_COMMON_BLOCKS = YES;
				GCC_OPTIMIZATION_LEVEL = 0;
				GCC_PREPROCESSOR_DEFINITIONS = (
					"DEBUG=1",
					"$(inherited)",
				);
				GCC_WARN_64_TO_32_BIT_CONVERSION = YES;
				GCC_WARN_ABOUT_RETURN_TYPE = YES_ERROR;
				GCC_WARN_UNDECLARED_SELECTOR = YES;
				GCC_WARN_UNINITIALIZED_AUTOS = YES_AGGRESSIVE;
				GCC_WARN_UNUSED_FUNCTION = YES;
				GCC_WARN_UNUSED_VARIABLE = YES;
				IPHONEOS_DEPLOYMENT_TARGET = 17.0;
				LOCALIZATION_PREFERS_STRING_CATALOGS = YES;
				MTL_ENABLE_DEBUG_INFO = INCLUDE_SOURCE;
				MTL_FAST_MATH = YES;
				ONLY_ACTIVE_ARCH = YES;
				SDKROOT = iphoneos;
				SWIFT_ACTIVE_COMPILATION_CONDITIONS = "DEBUG $(inherited)";
				SWIFT_OPTIMIZATION_LEVEL = "-Onone";
			};
			name = Debug;
		};
		94E7A5552C28363800B95018 /* Release */ = {
			isa = XCBuildConfiguration;
			buildSettings = {
				ALWAYS_SEARCH_USER_PATHS = NO;
				ASSETCATALOG_COMPILER_GENERATE_SWIFT_ASSET_SYMBOL_EXTENSIONS = YES;
				CLANG_ANALYZER_NONNULL = YES;
				CLANG_ANALYZER_NUMBER_OBJECT_CONVERSION = YES_AGGRESSIVE;
				CLANG_CXX_LANGUAGE_STANDARD = "gnu++20";
				CLANG_ENABLE_MODULES = YES;
				CLANG_ENABLE_OBJC_ARC = YES;
				CLANG_ENABLE_OBJC_WEAK = YES;
				CLANG_WARN_BLOCK_CAPTURE_AUTORELEASING = YES;
				CLANG_WARN_BOOL_CONVERSION = YES;
				CLANG_WARN_COMMA = YES;
				CLANG_WARN_CONSTANT_CONVERSION = YES;
				CLANG_WARN_DEPRECATED_OBJC_IMPLEMENTATIONS = YES;
				CLANG_WARN_DIRECT_OBJC_ISA_USAGE = YES_ERROR;
				CLANG_WARN_DOCUMENTATION_COMMENTS = YES;
				CLANG_WARN_EMPTY_BODY = YES;
				CLANG_WARN_ENUM_CONVERSION = YES;
				CLANG_WARN_INFINITE_RECURSION = YES;
				CLANG_WARN_INT_CONVERSION = YES;
				CLANG_WARN_NON_LITERAL_NULL_CONVERSION = YES;
				CLANG_WARN_OBJC_IMPLICIT_RETAIN_SELF = YES;
				CLANG_WARN_OBJC_LITERAL_CONVERSION = YES;
				CLANG_WARN_OBJC_ROOT_CLASS = YES_ERROR;
				CLANG_WARN_QUOTED_INCLUDE_IN_FRAMEWORK_HEADER = YES;
				CLANG_WARN_RANGE_LOOP_ANALYSIS = YES;
				CLANG_WARN_STRICT_PROTOTYPES = YES;
				CLANG_WARN_SUSPICIOUS_MOVE = YES;
				CLANG_WARN_UNGUARDED_AVAILABILITY = YES_AGGRESSIVE;
				CLANG_WARN_UNREACHABLE_CODE = YES;
				CLANG_WARN__DUPLICATE_METHOD_MATCH = YES;
				COPY_PHASE_STRIP = NO;
				DEBUG_INFORMATION_FORMAT = "dwarf-with-dsym";
				ENABLE_NS_ASSERTIONS = NO;
				ENABLE_STRICT_OBJC_MSGSEND = YES;
				ENABLE_USER_SCRIPT_SANDBOXING = YES;
				GCC_C_LANGUAGE_STANDARD = gnu17;
				GCC_NO_COMMON_BLOCKS = YES;
				GCC_WARN_64_TO_32_BIT_CONVERSION = YES;
				GCC_WARN_ABOUT_RETURN_TYPE = YES_ERROR;
				GCC_WARN_UNDECLARED_SELECTOR = YES;
				GCC_WARN_UNINITIALIZED_AUTOS = YES_AGGRESSIVE;
				GCC_WARN_UNUSED_FUNCTION = YES;
				GCC_WARN_UNUSED_VARIABLE = YES;
				IPHONEOS_DEPLOYMENT_TARGET = 17.0;
				LOCALIZATION_PREFERS_STRING_CATALOGS = YES;
				MTL_ENABLE_DEBUG_INFO = NO;
				MTL_FAST_MATH = YES;
				SDKROOT = iphoneos;
				SWIFT_COMPILATION_MODE = wholemodule;
				VALIDATE_PRODUCT = YES;
			};
			name = Release;
		};
		94E7A5572C28363800B95018 /* Debug */ = {
			isa = XCBuildConfiguration;
			buildSettings = {
				ASSETCATALOG_COMPILER_APPICON_NAME = AppIcon;
				ASSETCATALOG_COMPILER_GLOBAL_ACCENT_COLOR_NAME = AccentColor;
				CODE_SIGN_STYLE = Automatic;
				CURRENT_PROJECT_VERSION = 1;
				DEVELOPMENT_TEAM = 2Q3YDTT238;
				GENERATE_INFOPLIST_FILE = YES;
				INFOPLIST_FILE = UIKitTutorial/resources/Info.plist;
				INFOPLIST_KEY_UIApplicationSupportsIndirectInputEvents = YES;
				INFOPLIST_KEY_UILaunchStoryboardName = LaunchScreen;
				INFOPLIST_KEY_UIMainStoryboardFile = Main;
				INFOPLIST_KEY_UISupportedInterfaceOrientations_iPad = "UIInterfaceOrientationPortrait UIInterfaceOrientationPortraitUpsideDown UIInterfaceOrientationLandscapeLeft UIInterfaceOrientationLandscapeRight";
				INFOPLIST_KEY_UISupportedInterfaceOrientations_iPhone = "UIInterfaceOrientationPortrait UIInterfaceOrientationLandscapeLeft UIInterfaceOrientationLandscapeRight";
				LD_RUNPATH_SEARCH_PATHS = (
					"$(inherited)",
					"@executable_path/Frameworks",
				);
				MARKETING_VERSION = 1.0;
				PRODUCT_BUNDLE_IDENTIFIER = com.goldenApps.UIKitTutorial;
				PRODUCT_NAME = "$(TARGET_NAME)";
				SWIFT_EMIT_LOC_STRINGS = YES;
				SWIFT_VERSION = 5.0;
				TARGETED_DEVICE_FAMILY = "1,2";
			};
			name = Debug;
		};
		94E7A5582C28363800B95018 /* Release */ = {
			isa = XCBuildConfiguration;
			buildSettings = {
				ASSETCATALOG_COMPILER_APPICON_NAME = AppIcon;
				ASSETCATALOG_COMPILER_GLOBAL_ACCENT_COLOR_NAME = AccentColor;
				CODE_SIGN_STYLE = Automatic;
				CURRENT_PROJECT_VERSION = 1;
				DEVELOPMENT_TEAM = 2Q3YDTT238;
				GENERATE_INFOPLIST_FILE = YES;
				INFOPLIST_FILE = UIKitTutorial/resources/Info.plist;
				INFOPLIST_KEY_UIApplicationSupportsIndirectInputEvents = YES;
				INFOPLIST_KEY_UILaunchStoryboardName = LaunchScreen;
				INFOPLIST_KEY_UIMainStoryboardFile = Main;
				INFOPLIST_KEY_UISupportedInterfaceOrientations_iPad = "UIInterfaceOrientationPortrait UIInterfaceOrientationPortraitUpsideDown UIInterfaceOrientationLandscapeLeft UIInterfaceOrientationLandscapeRight";
				INFOPLIST_KEY_UISupportedInterfaceOrientations_iPhone = "UIInterfaceOrientationPortrait UIInterfaceOrientationLandscapeLeft UIInterfaceOrientationLandscapeRight";
				LD_RUNPATH_SEARCH_PATHS = (
					"$(inherited)",
					"@executable_path/Frameworks",
				);
				MARKETING_VERSION = 1.0;
				PRODUCT_BUNDLE_IDENTIFIER = com.goldenApps.UIKitTutorial;
				PRODUCT_NAME = "$(TARGET_NAME)";
				SWIFT_EMIT_LOC_STRINGS = YES;
				SWIFT_VERSION = 5.0;
				TARGETED_DEVICE_FAMILY = "1,2";
			};
			name = Release;
		};
/* End XCBuildConfiguration section */

/* Begin XCConfigurationList section */
		94E7A53D2C28363300B95018 /* Build configuration list for PBXProject "UIKitTutorial" */ = {
			isa = XCConfigurationList;
			buildConfigurations = (
				94E7A5542C28363800B95018 /* Debug */,
				94E7A5552C28363800B95018 /* Release */,
			);
			defaultConfigurationIsVisible = 0;
			defaultConfigurationName = Release;
		};
		94E7A5562C28363800B95018 /* Build configuration list for PBXNativeTarget "UIKitTutorial" */ = {
			isa = XCConfigurationList;
			buildConfigurations = (
				94E7A5572C28363800B95018 /* Debug */,
				94E7A5582C28363800B95018 /* Release */,
			);
			defaultConfigurationIsVisible = 0;
			defaultConfigurationName = Release;
		};
/* End XCConfigurationList section */

/* Begin XCRemoteSwiftPackageReference section */
		94FEE5CD2C32C0EC00E32A00 /* XCRemoteSwiftPackageReference "Kingfisher" */ = {
			isa = XCRemoteSwiftPackageReference;
			repositoryURL = "https://github.com/onevcat/Kingfisher.git";
			requirement = {
				kind = upToNextMajorVersion;
				minimumVersion = 7.12.0;
			};
		};
/* End XCRemoteSwiftPackageReference section */

/* Begin XCSwiftPackageProductDependency section */
		94FEE5CE2C32C0EC00E32A00 /* Kingfisher */ = {
			isa = XCSwiftPackageProductDependency;
			package = 94FEE5CD2C32C0EC00E32A00 /* XCRemoteSwiftPackageReference "Kingfisher" */;
			productName = Kingfisher;
		};
/* End XCSwiftPackageProductDependency section */
	};
	rootObject = 94E7A53A2C28363300B95018 /* Project object */;
}
